
Microsoft Visual Studio Solution File, Format Version 12.00
# Visual Studio 15
VisualStudioVersion = 15.0.26124.0
MinimumVisualStudioVersion = 15.0.26124.0
Project("{FAE04EC0-301F-11D3-BF4B-00C04F79EFBC}") = "GlassApi", "GlassApi\GlassApi.csproj", "{7E85FB5D-C12E-4078-8BE1-823ABA539433}"
EndProject
Project("{FAE04EC0-301F-11D3-BF4B-00C04F79EFBC}") = "GlassClient", "GlassClient\GlassClient.csproj", "{A5D52C93-4DBE-404A-AA1B-08A9B8C0E34D}"
EndProject
Project("{FAE04EC0-301F-11D3-BF4B-00C04F79EFBC}") = "Glass.Application", "Glass.Application\Glass.Application.csproj", "{8B4E82B3-2127-4475-A623-0C4722883DF8}"
EndProject
Project("{FAE04EC0-301F-11D3-BF4B-00C04F79EFBC}") = "Glass.Domain.Core", "Glass.Domain.Core\Glass.Domain.Core.csproj", "{9A8074C5-5EFB-4204-9FB0-8743EE3A2C24}"
EndProject
Project("{FAE04EC0-301F-11D3-BF4B-00C04F79EFBC}") = "Glass.Infra.Data", "Glass.Infra.Data\Glass.Infra.Data.csproj", "{ADE38FA5-789E-49B6-AF0B-1621C5F0A322}"
EndProject
Project("{FAE04EC0-301F-11D3-BF4B-00C04F79EFBC}") = "Glass.Infra.CrossCutting.Bus", "Glass.Infra.CrossCutting.Bus\Glass.Infra.CrossCutting.Bus.csproj", "{2744E05D-C712-4BF4-B84D-E64A9BAEFB3A}"
EndProject
Project("{FAE04EC0-301F-11D3-BF4B-00C04F79EFBC}") = "Glass.Infra.CrossCutting.Identity", "Glass.Infra.CrossCutting.Identity\Glass.Infra.CrossCutting.Identity.csproj", "{17EC75ED-7CED-469F-9BEA-982879EFB276}"
EndProject
Project("{FAE04EC0-301F-11D3-BF4B-00C04F79EFBC}") = "Glass.Infra.CrossCutting.IoC", "Glass.Infra.CrossCutting.IoC\Glass.Infra.CrossCutting.IoC.csproj", "{7717D1FA-F226-4E85-BABE-38649D0F0E8D}"
EndProject
Project("{2150E333-8FDC-42A3-9474-1A3956D46DE8}") = "Solution Items", "Solution Items", "{E0B83022-F46F-4BD7-A9E6-7E2E3B134F62}"
	ProjectSection(SolutionItems) = preProject
		GenerateGlassDb.sql = GenerateGlassDb.sql
		Glass.db = Glass.db
	EndProjectSection
EndProject
Project("{FAE04EC0-301F-11D3-BF4B-00C04F79EFBC}") = "Glass.Domain", "Glass.Domain\Glass.Domain.csproj", "{AE052FC5-E71F-4328-9872-D07A351AFBFE}"
EndProject
Global
	GlobalSection(SolutionConfigurationPlatforms) = preSolution
		Debug|Any CPU = Debug|Any CPU
		Debug|x64 = Debug|x64
		Debug|x86 = Debug|x86
		Release|Any CPU = Release|Any CPU
		Release|x64 = Release|x64
		Release|x86 = Release|x86
	EndGlobalSection
	GlobalSection(SolutionProperties) = preSolution
		HideSolutionNode = FALSE
	EndGlobalSection
	GlobalSection(ProjectConfigurationPlatforms) = postSolution
		{7E85FB5D-C12E-4078-8BE1-823ABA539433}.Debug|Any CPU.ActiveCfg = Debug|Any CPU
		{7E85FB5D-C12E-4078-8BE1-823ABA539433}.Debug|Any CPU.Build.0 = Debug|Any CPU
		{7E85FB5D-C12E-4078-8BE1-823ABA539433}.Debug|x64.ActiveCfg = Debug|Any CPU
		{7E85FB5D-C12E-4078-8BE1-823ABA539433}.Debug|x64.Build.0 = Debug|Any CPU
		{7E85FB5D-C12E-4078-8BE1-823ABA539433}.Debug|x86.ActiveCfg = Debug|Any CPU
		{7E85FB5D-C12E-4078-8BE1-823ABA539433}.Debug|x86.Build.0 = Debug|Any CPU
		{7E85FB5D-C12E-4078-8BE1-823ABA539433}.Release|Any CPU.ActiveCfg = Release|Any CPU
		{7E85FB5D-C12E-4078-8BE1-823ABA539433}.Release|Any CPU.Build.0 = Release|Any CPU
		{7E85FB5D-C12E-4078-8BE1-823ABA539433}.Release|x64.ActiveCfg = Release|Any CPU
		{7E85FB5D-C12E-4078-8BE1-823ABA539433}.Release|x64.Build.0 = Release|Any CPU
		{7E85FB5D-C12E-4078-8BE1-823ABA539433}.Release|x86.ActiveCfg = Release|Any CPU
		{7E85FB5D-C12E-4078-8BE1-823ABA539433}.Release|x86.Build.0 = Release|Any CPU
		{A5D52C93-4DBE-404A-AA1B-08A9B8C0E34D}.Debug|Any CPU.ActiveCfg = Debug|Any CPU
		{A5D52C93-4DBE-404A-AA1B-08A9B8C0E34D}.Debug|Any CPU.Build.0 = Debug|Any CPU
		{A5D52C93-4DBE-404A-AA1B-08A9B8C0E34D}.Debug|x64.ActiveCfg = Debug|Any CPU
		{A5D52C93-4DBE-404A-AA1B-08A9B8C0E34D}.Debug|x64.Build.0 = Debug|Any CPU
		{A5D52C93-4DBE-404A-AA1B-08A9B8C0E34D}.Debug|x86.ActiveCfg = Debug|Any CPU
		{A5D52C93-4DBE-404A-AA1B-08A9B8C0E34D}.Debug|x86.Build.0 = Debug|Any CPU
		{A5D52C93-4DBE-404A-AA1B-08A9B8C0E34D}.Release|Any CPU.ActiveCfg = Release|Any CPU
		{A5D52C93-4DBE-404A-AA1B-08A9B8C0E34D}.Release|Any CPU.Build.0 = Release|Any CPU
		{A5D52C93-4DBE-404A-AA1B-08A9B8C0E34D}.Release|x64.ActiveCfg = Release|Any CPU
		{A5D52C93-4DBE-404A-AA1B-08A9B8C0E34D}.Release|x64.Build.0 = Release|Any CPU
		{A5D52C93-4DBE-404A-AA1B-08A9B8C0E34D}.Release|x86.ActiveCfg = Release|Any CPU
		{A5D52C93-4DBE-404A-AA1B-08A9B8C0E34D}.Release|x86.Build.0 = Release|Any CPU
		{8B4E82B3-2127-4475-A623-0C4722883DF8}.Debug|Any CPU.ActiveCfg = Debug|Any CPU
		{8B4E82B3-2127-4475-A623-0C4722883DF8}.Debug|Any CPU.Build.0 = Debug|Any CPU
		{8B4E82B3-2127-4475-A623-0C4722883DF8}.Debug|x64.ActiveCfg = Debug|Any CPU
		{8B4E82B3-2127-4475-A623-0C4722883DF8}.Debug|x64.Build.0 = Debug|Any CPU
		{8B4E82B3-2127-4475-A623-0C4722883DF8}.Debug|x86.ActiveCfg = Debug|Any CPU
		{8B4E82B3-2127-4475-A623-0C4722883DF8}.Debug|x86.Build.0 = Debug|Any CPU
		{8B4E82B3-2127-4475-A623-0C4722883DF8}.Release|Any CPU.ActiveCfg = Release|Any CPU
		{8B4E82B3-2127-4475-A623-0C4722883DF8}.Release|Any CPU.Build.0 = Release|Any CPU
		{8B4E82B3-2127-4475-A623-0C4722883DF8}.Release|x64.ActiveCfg = Release|Any CPU
		{8B4E82B3-2127-4475-A623-0C4722883DF8}.Release|x64.Build.0 = Release|Any CPU
		{8B4E82B3-2127-4475-A623-0C4722883DF8}.Release|x86.ActiveCfg = Release|Any CPU
		{8B4E82B3-2127-4475-A623-0C4722883DF8}.Release|x86.Build.0 = Release|Any CPU
		{9A8074C5-5EFB-4204-9FB0-8743EE3A2C24}.Debug|Any CPU.ActiveCfg = Debug|Any CPU
		{9A8074C5-5EFB-4204-9FB0-8743EE3A2C24}.Debug|Any CPU.Build.0 = Debug|Any CPU
		{9A8074C5-5EFB-4204-9FB0-8743EE3A2C24}.Debug|x64.ActiveCfg = Debug|Any CPU
		{9A8074C5-5EFB-4204-9FB0-8743EE3A2C24}.Debug|x64.Build.0 = Debug|Any CPU
		{9A8074C5-5EFB-4204-9FB0-8743EE3A2C24}.Debug|x86.ActiveCfg = Debug|Any CPU
		{9A8074C5-5EFB-4204-9FB0-8743EE3A2C24}.Debug|x86.Build.0 = Debug|Any CPU
		{9A8074C5-5EFB-4204-9FB0-8743EE3A2C24}.Release|Any CPU.ActiveCfg = Release|Any CPU
		{9A8074C5-5EFB-4204-9FB0-8743EE3A2C24}.Release|Any CPU.Build.0 = Release|Any CPU
		{9A8074C5-5EFB-4204-9FB0-8743EE3A2C24}.Release|x64.ActiveCfg = Release|Any CPU
		{9A8074C5-5EFB-4204-9FB0-8743EE3A2C24}.Release|x64.Build.0 = Release|Any CPU
		{9A8074C5-5EFB-4204-9FB0-8743EE3A2C24}.Release|x86.ActiveCfg = Release|Any CPU
		{9A8074C5-5EFB-4204-9FB0-8743EE3A2C24}.Release|x86.Build.0 = Release|Any CPU
		{ADE38FA5-789E-49B6-AF0B-1621C5F0A322}.Debug|Any CPU.ActiveCfg = Debug|Any CPU
		{ADE38FA5-789E-49B6-AF0B-1621C5F0A322}.Debug|Any CPU.Build.0 = Debug|Any CPU
		{ADE38FA5-789E-49B6-AF0B-1621C5F0A322}.Debug|x64.ActiveCfg = Debug|Any CPU
		{ADE38FA5-789E-49B6-AF0B-1621C5F0A322}.Debug|x64.Build.0 = Debug|Any CPU
		{ADE38FA5-789E-49B6-AF0B-1621C5F0A322}.Debug|x86.ActiveCfg = Debug|Any CPU
		{ADE38FA5-789E-49B6-AF0B-1621C5F0A322}.Debug|x86.Build.0 = Debug|Any CPU
		{ADE38FA5-789E-49B6-AF0B-1621C5F0A322}.Release|Any CPU.ActiveCfg = Release|Any CPU
		{ADE38FA5-789E-49B6-AF0B-1621C5F0A322}.Release|Any CPU.Build.0 = Release|Any CPU
		{ADE38FA5-789E-49B6-AF0B-1621C5F0A322}.Release|x64.ActiveCfg = Release|Any CPU
		{ADE38FA5-789E-49B6-AF0B-1621C5F0A322}.Release|x64.Build.0 = Release|Any CPU
		{ADE38FA5-789E-49B6-AF0B-1621C5F0A322}.Release|x86.ActiveCfg = Release|Any CPU
		{ADE38FA5-789E-49B6-AF0B-1621C5F0A322}.Release|x86.Build.0 = Release|Any CPU
		{2744E05D-C712-4BF4-B84D-E64A9BAEFB3A}.Debug|Any CPU.ActiveCfg = Debug|Any CPU
		{2744E05D-C712-4BF4-B84D-E64A9BAEFB3A}.Debug|Any CPU.Build.0 = Debug|Any CPU
		{2744E05D-C712-4BF4-B84D-E64A9BAEFB3A}.Debug|x64.ActiveCfg = Debug|Any CPU
		{2744E05D-C712-4BF4-B84D-E64A9BAEFB3A}.Debug|x64.Build.0 = Debug|Any CPU
		{2744E05D-C712-4BF4-B84D-E64A9BAEFB3A}.Debug|x86.ActiveCfg = Debug|Any CPU
		{2744E05D-C712-4BF4-B84D-E64A9BAEFB3A}.Debug|x86.Build.0 = Debug|Any CPU
		{2744E05D-C712-4BF4-B84D-E64A9BAEFB3A}.Release|Any CPU.ActiveCfg = Release|Any CPU
		{2744E05D-C712-4BF4-B84D-E64A9BAEFB3A}.Release|Any CPU.Build.0 = Release|Any CPU
		{2744E05D-C712-4BF4-B84D-E64A9BAEFB3A}.Release|x64.ActiveCfg = Release|Any CPU
		{2744E05D-C712-4BF4-B84D-E64A9BAEFB3A}.Release|x64.Build.0 = Release|Any CPU
		{2744E05D-C712-4BF4-B84D-E64A9BAEFB3A}.Release|x86.ActiveCfg = Release|Any CPU
		{2744E05D-C712-4BF4-B84D-E64A9BAEFB3A}.Release|x86.Build.0 = Release|Any CPU
		{17EC75ED-7CED-469F-9BEA-982879EFB276}.Debug|Any CPU.ActiveCfg = Debug|Any CPU
		{17EC75ED-7CED-469F-9BEA-982879EFB276}.Debug|Any CPU.Build.0 = Debug|Any CPU
		{17EC75ED-7CED-469F-9BEA-982879EFB276}.Debug|x64.ActiveCfg = Debug|Any CPU
		{17EC75ED-7CED-469F-9BEA-982879EFB276}.Debug|x64.Build.0 = Debug|Any CPU
		{17EC75ED-7CED-469F-9BEA-982879EFB276}.Debug|x86.ActiveCfg = Debug|Any CPU
		{17EC75ED-7CED-469F-9BEA-982879EFB276}.Debug|x86.Build.0 = Debug|Any CPU
		{17EC75ED-7CED-469F-9BEA-982879EFB276}.Release|Any CPU.ActiveCfg = Release|Any CPU
		{17EC75ED-7CED-469F-9BEA-982879EFB276}.Release|Any CPU.Build.0 = Release|Any CPU
		{17EC75ED-7CED-469F-9BEA-982879EFB276}.Release|x64.ActiveCfg = Release|Any CPU
		{17EC75ED-7CED-469F-9BEA-982879EFB276}.Release|x64.Build.0 = Release|Any CPU
		{17EC75ED-7CED-469F-9BEA-982879EFB276}.Release|x86.ActiveCfg = Release|Any CPU
		{17EC75ED-7CED-469F-9BEA-982879EFB276}.Release|x86.Build.0 = Release|Any CPU
		{7717D1FA-F226-4E85-BABE-38649D0F0E8D}.Debug|Any CPU.ActiveCfg = Debug|Any CPU
		{7717D1FA-F226-4E85-BABE-38649D0F0E8D}.Debug|Any CPU.Build.0 = Debug|Any CPU
		{7717D1FA-F226-4E85-BABE-38649D0F0E8D}.Debug|x64.ActiveCfg = Debug|Any CPU
		{7717D1FA-F226-4E85-BABE-38649D0F0E8D}.Debug|x64.Build.0 = Debug|Any CPU
		{7717D1FA-F226-4E85-BABE-38649D0F0E8D}.Debug|x86.ActiveCfg = Debug|Any CPU
		{7717D1FA-F226-4E85-BABE-38649D0F0E8D}.Debug|x86.Build.0 = Debug|Any CPU
		{7717D1FA-F226-4E85-BABE-38649D0F0E8D}.Release|Any CPU.ActiveCfg = Release|Any CPU
		{7717D1FA-F226-4E85-BABE-38649D0F0E8D}.Release|Any CPU.Build.0 = Release|Any CPU
		{7717D1FA-F226-4E85-BABE-38649D0F0E8D}.Release|x64.ActiveCfg = Release|Any CPU
		{7717D1FA-F226-4E85-BABE-38649D0F0E8D}.Release|x64.Build.0 = Release|Any CPU
		{7717D1FA-F226-4E85-BABE-38649D0F0E8D}.Release|x86.ActiveCfg = Release|Any CPU
		{7717D1FA-F226-4E85-BABE-38649D0F0E8D}.Release|x86.Build.0 = Release|Any CPU
		{AE052FC5-E71F-4328-9872-D07A351AFBFE}.Debug|Any CPU.ActiveCfg = Debug|Any CPU
		{AE052FC5-E71F-4328-9872-D07A351AFBFE}.Debug|Any CPU.Build.0 = Debug|Any CPU
		{AE052FC5-E71F-4328-9872-D07A351AFBFE}.Debug|x64.ActiveCfg = Debug|Any CPU
		{AE052FC5-E71F-4328-9872-D07A351AFBFE}.Debug|x64.Build.0 = Debug|Any CPU
		{AE052FC5-E71F-4328-9872-D07A351AFBFE}.Debug|x86.ActiveCfg = Debug|Any CPU
		{AE052FC5-E71F-4328-9872-D07A351AFBFE}.Debug|x86.Build.0 = Debug|Any CPU
		{AE052FC5-E71F-4328-9872-D07A351AFBFE}.Release|Any CPU.ActiveCfg = Release|Any CPU
		{AE052FC5-E71F-4328-9872-D07A351AFBFE}.Release|Any CPU.Build.0 = Release|Any CPU
		{AE052FC5-E71F-4328-9872-D07A351AFBFE}.Release|x64.ActiveCfg = Release|Any CPU
		{AE052FC5-E71F-4328-9872-D07A351AFBFE}.Release|x64.Build.0 = Release|Any CPU
		{AE052FC5-E71F-4328-9872-D07A351AFBFE}.Release|x86.ActiveCfg = Release|Any CPU
		{AE052FC5-E71F-4328-9872-D07A351AFBFE}.Release|x86.Build.0 = Release|Any CPU
	EndGlobalSection
EndGlobal
