
Microsoft Visual Studio Solution File, Format Version 12.00
# Visual Studio 15
Project("{FAE04EC0-301F-11D3-BF4B-00C04F79EFBC}") = "GlassApi", "GlassApi.csproj", "{C6D3104F-B0C6-40FF-82EB-75182FF867EF}"
EndProject
Global
	GlobalSection(SolutionConfigurationPlatforms) = preSolution
		Debug|Any CPU = Debug|Any CPU
		Release|Any CPU = Release|Any CPU
	EndGlobalSection
	GlobalSection(ProjectConfigurationPlatforms) = postSolution
		{C6D3104F-B0C6-40FF-82EB-75182FF867EF}.Debug|Any CPU.ActiveCfg = Debug|Any CPU
		{C6D3104F-B0C6-40FF-82EB-75182FF867EF}.Debug|Any CPU.Build.0 = Debug|Any CPU
		{C6D3104F-B0C6-40FF-82EB-75182FF867EF}.Release|Any CPU.ActiveCfg = Release|Any CPU
		{C6D3104F-B0C6-40FF-82EB-75182FF867EF}.Release|Any CPU.Build.0 = Release|Any CPU
	EndGlobalSection
EndGlobal
